// !$*UTF8*$!
{
	archiveVersion = 1;
	classes = {
	};
	objectVersion = 50;
	objects = {

/* Begin PBXBuildFile section */
		A38185712314BDB1007E280B /* AppsSearchViewController.swift in Sources */ = {isa = PBXBuildFile; fileRef = A38185702314BDB1007E280B /* AppsSearchViewController.swift */; };
		A3818573231A27C8007E280B /* SearchResultCollectionViewCell.swift in Sources */ = {isa = PBXBuildFile; fileRef = A3818572231A27C8007E280B /* SearchResultCollectionViewCell.swift */; };
		A3818576231B7BB3007E280B /* UIView+Layout.swift in Sources */ = {isa = PBXBuildFile; fileRef = A3818575231B7BB3007E280B /* UIView+Layout.swift */; };
		A3818579231C80C0007E280B /* SearchResult.swift in Sources */ = {isa = PBXBuildFile; fileRef = A3818578231C80C0007E280B /* SearchResult.swift */; };
		A381857C231D5301007E280B /* ApiService.swift in Sources */ = {isa = PBXBuildFile; fileRef = A381857B231D5301007E280B /* ApiService.swift */; };
		A3E867192310287500E6FDDE /* AppDelegate.swift in Sources */ = {isa = PBXBuildFile; fileRef = A3E867182310287500E6FDDE /* AppDelegate.swift */; };
		A3E8671B2310287500E6FDDE /* ViewController.swift in Sources */ = {isa = PBXBuildFile; fileRef = A3E8671A2310287500E6FDDE /* ViewController.swift */; };
		A3E8671E2310287500E6FDDE /* Main.storyboard in Resources */ = {isa = PBXBuildFile; fileRef = A3E8671C2310287500E6FDDE /* Main.storyboard */; };
		A3E867202310287900E6FDDE /* Assets.xcassets in Resources */ = {isa = PBXBuildFile; fileRef = A3E8671F2310287900E6FDDE /* Assets.xcassets */; };
		A3E867232310287900E6FDDE /* LaunchScreen.storyboard in Resources */ = {isa = PBXBuildFile; fileRef = A3E867212310287900E6FDDE /* LaunchScreen.storyboard */; };
		A3E8672B231029A700E6FDDE /* TabBarController.swift in Sources */ = {isa = PBXBuildFile; fileRef = A3E8672A231029A700E6FDDE /* TabBarController.swift */; };
/* End PBXBuildFile section */

/* Begin PBXFileReference section */
		A38185702314BDB1007E280B /* AppsSearchViewController.swift */ = {isa = PBXFileReference; lastKnownFileType = sourcecode.swift; path = AppsSearchViewController.swift; sourceTree = "<group>"; };
		A3818572231A27C8007E280B /* SearchResultCollectionViewCell.swift */ = {isa = PBXFileReference; lastKnownFileType = sourcecode.swift; path = SearchResultCollectionViewCell.swift; sourceTree = "<group>"; };
		A3818575231B7BB3007E280B /* UIView+Layout.swift */ = {isa = PBXFileReference; fileEncoding = 4; lastKnownFileType = sourcecode.swift; path = "UIView+Layout.swift"; sourceTree = "<group>"; };
		A3818578231C80C0007E280B /* SearchResult.swift */ = {isa = PBXFileReference; lastKnownFileType = sourcecode.swift; path = SearchResult.swift; sourceTree = "<group>"; };
		A381857B231D5301007E280B /* ApiService.swift */ = {isa = PBXFileReference; lastKnownFileType = sourcecode.swift; path = ApiService.swift; sourceTree = "<group>"; };
		A3E867152310287500E6FDDE /* AppStoreJSON.app */ = {isa = PBXFileReference; explicitFileType = wrapper.application; includeInIndex = 0; path = AppStoreJSON.app; sourceTree = BUILT_PRODUCTS_DIR; };
		A3E867182310287500E6FDDE /* AppDelegate.swift */ = {isa = PBXFileReference; lastKnownFileType = sourcecode.swift; path = AppDelegate.swift; sourceTree = "<group>"; };
		A3E8671A2310287500E6FDDE /* ViewController.swift */ = {isa = PBXFileReference; lastKnownFileType = sourcecode.swift; path = ViewController.swift; sourceTree = "<group>"; };
		A3E8671D2310287500E6FDDE /* Base */ = {isa = PBXFileReference; lastKnownFileType = file.storyboard; name = Base; path = Base.lproj/Main.storyboard; sourceTree = "<group>"; };
		A3E8671F2310287900E6FDDE /* Assets.xcassets */ = {isa = PBXFileReference; lastKnownFileType = folder.assetcatalog; path = Assets.xcassets; sourceTree = "<group>"; };
		A3E867222310287900E6FDDE /* Base */ = {isa = PBXFileReference; lastKnownFileType = file.storyboard; name = Base; path = Base.lproj/LaunchScreen.storyboard; sourceTree = "<group>"; };
		A3E867242310287900E6FDDE /* Info.plist */ = {isa = PBXFileReference; lastKnownFileType = text.plist.xml; path = Info.plist; sourceTree = "<group>"; };
		A3E8672A231029A700E6FDDE /* TabBarController.swift */ = {isa = PBXFileReference; lastKnownFileType = sourcecode.swift; path = TabBarController.swift; sourceTree = "<group>"; };
/* End PBXFileReference section */

/* Begin PBXFrameworksBuildPhase section */
		A3E867122310287500E6FDDE /* Frameworks */ = {
			isa = PBXFrameworksBuildPhase;
			buildActionMask = 2147483647;
			files = (
			);
			runOnlyForDeploymentPostprocessing = 0;
		};
/* End PBXFrameworksBuildPhase section */

/* Begin PBXGroup section */
		A381856D231459D9007E280B /* Controller */ = {
			isa = PBXGroup;
			children = (
				A3E8671A2310287500E6FDDE /* ViewController.swift */,
				A3E8672A231029A700E6FDDE /* TabBarController.swift */,
				A38185702314BDB1007E280B /* AppsSearchViewController.swift */,
			);
			path = Controller;
			sourceTree = "<group>";
		};
		A381856E23145A36007E280B /* Model */ = {
			isa = PBXGroup;
			children = (
				A3818578231C80C0007E280B /* SearchResult.swift */,
			);
			path = Model;
			sourceTree = "<group>";
		};
		A381856F23145A3B007E280B /* View */ = {
			isa = PBXGroup;
			children = (
				A3818572231A27C8007E280B /* SearchResultCollectionViewCell.swift */,
			);
			path = View;
			sourceTree = "<group>";
		};
		A3818574231B756A007E280B /* Helper */ = {
			isa = PBXGroup;
			children = (
				A3818575231B7BB3007E280B /* UIView+Layout.swift */,
			);
			path = Helper;
			sourceTree = "<group>";
		};
		A381857A231D52AE007E280B /* Service */ = {
			isa = PBXGroup;
			children = (
				A381857B231D5301007E280B /* ApiService.swift */,
			);
			path = Service;
			sourceTree = "<group>";
		};
		A3E8670C2310287500E6FDDE = {
			isa = PBXGroup;
			children = (
				A3E867172310287500E6FDDE /* AppStoreJSON */,
				A3E867162310287500E6FDDE /* Products */,
			);
			sourceTree = "<group>";
		};
		A3E867162310287500E6FDDE /* Products */ = {
			isa = PBXGroup;
			children = (
				A3E867152310287500E6FDDE /* AppStoreJSON.app */,
			);
			name = Products;
			sourceTree = "<group>";
		};
		A3E867172310287500E6FDDE /* AppStoreJSON */ = {
			isa = PBXGroup;
			children = (
				A381857A231D52AE007E280B /* Service */,
				A3818574231B756A007E280B /* Helper */,
				A381856E23145A36007E280B /* Model */,
				A381856F23145A3B007E280B /* View */,
				A381856D231459D9007E280B /* Controller */,
				A3E867182310287500E6FDDE /* AppDelegate.swift */,
				A3E8671C2310287500E6FDDE /* Main.storyboard */,
				A3E8671F2310287900E6FDDE /* Assets.xcassets */,
				A3E867212310287900E6FDDE /* LaunchScreen.storyboard */,
				A3E867242310287900E6FDDE /* Info.plist */,
			);
			path = AppStoreJSON;
			sourceTree = "<group>";
		};
/* End PBXGroup section */

/* Begin PBXNativeTarget section */
		A3E867142310287500E6FDDE /* AppStoreJSON */ = {
			isa = PBXNativeTarget;
			buildConfigurationList = A3E867272310287900E6FDDE /* Build configuration list for PBXNativeTarget "AppStoreJSON" */;
			buildPhases = (
				A3E867112310287500E6FDDE /* Sources */,
				A3E867122310287500E6FDDE /* Frameworks */,
				A3E867132310287500E6FDDE /* Resources */,
			);
			buildRules = (
			);
			dependencies = (
			);
			name = AppStoreJSON;
			productName = AppStoreJSON;
			productReference = A3E867152310287500E6FDDE /* AppStoreJSON.app */;
			productType = "com.apple.product-type.application";
		};
/* End PBXNativeTarget section */

/* Begin PBXProject section */
		A3E8670D2310287500E6FDDE /* Project object */ = {
			isa = PBXProject;
			attributes = {
				LastSwiftUpdateCheck = 1030;
				LastUpgradeCheck = 1030;
				ORGANIZATIONNAME = "Jason Yu";
				TargetAttributes = {
					A3E867142310287500E6FDDE = {
						CreatedOnToolsVersion = 10.3;
					};
				};
			};
			buildConfigurationList = A3E867102310287500E6FDDE /* Build configuration list for PBXProject "AppStoreJSON" */;
			compatibilityVersion = "Xcode 9.3";
			developmentRegion = en;
			hasScannedForEncodings = 0;
			knownRegions = (
				en,
				Base,
			);
			mainGroup = A3E8670C2310287500E6FDDE;
			productRefGroup = A3E867162310287500E6FDDE /* Products */;
			projectDirPath = "";
			projectRoot = "";
			targets = (
				A3E867142310287500E6FDDE /* AppStoreJSON */,
			);
		};
/* End PBXProject section */

/* Begin PBXResourcesBuildPhase section */
		A3E867132310287500E6FDDE /* Resources */ = {
			isa = PBXResourcesBuildPhase;
			buildActionMask = 2147483647;
			files = (
				A3E867232310287900E6FDDE /* LaunchScreen.storyboard in Resources */,
				A3E867202310287900E6FDDE /* Assets.xcassets in Resources */,
				A3E8671E2310287500E6FDDE /* Main.storyboard in Resources */,
			);
			runOnlyForDeploymentPostprocessing = 0;
		};
/* End PBXResourcesBuildPhase section */

/* Begin PBXSourcesBuildPhase section */
		A3E867112310287500E6FDDE /* Sources */ = {
			isa = PBXSourcesBuildPhase;
			buildActionMask = 2147483647;
			files = (
				A3E8671B2310287500E6FDDE /* ViewController.swift in Sources */,
				A3818579231C80C0007E280B /* SearchResult.swift in Sources */,
				A3E867192310287500E6FDDE /* AppDelegate.swift in Sources */,
				A3818576231B7BB3007E280B /* UIView+Layout.swift in Sources */,
				A38185712314BDB1007E280B /* AppsSearchViewController.swift in Sources */,
				A3E8672B231029A700E6FDDE /* TabBarController.swift in Sources */,
				A381857C231D5301007E280B /* ApiService.swift in Sources */,
				A3818573231A27C8007E280B /* SearchResultCollectionViewCell.swift in Sources */,
			);
			runOnlyForDeploymentPostprocessing = 0;
		};
/* End PBXSourcesBuildPhase section */

/* Begin PBXVariantGroup section */
		A3E8671C2310287500E6FDDE /* Main.storyboard */ = {
			isa = PBXVariantGroup;
			children = (
				A3E8671D2310287500E6FDDE /* Base */,
			);
			name = Main.storyboard;
			sourceTree = "<group>";
		};
		A3E867212310287900E6FDDE /* LaunchScreen.storyboard */ = {
			isa = PBXVariantGroup;
			children = (
				A3E867222310287900E6FDDE /* Base */,
			);
			name = LaunchScreen.storyboard;
			sourceTree = "<group>";
		};
/* End PBXVariantGroup section */

/* Begin XCBuildConfiguration section */
		A3E867252310287900E6FDDE /* Debug */ = {
			isa = XCBuildConfiguration;
			buildSettings = {
				ALWAYS_SEARCH_USER_PATHS = NO;
				CLANG_ANALYZER_NONNULL = YES;
				CLANG_ANALYZER_NUMBER_OBJECT_CONVERSION = YES_AGGRESSIVE;
				CLANG_CXX_LANGUAGE_STANDARD = "gnu++14";
				CLANG_CXX_LIBRARY = "libc++";
				CLANG_ENABLE_MODULES = YES;
				CLANG_ENABLE_OBJC_ARC = YES;
				CLANG_ENABLE_OBJC_WEAK = YES;
				CLANG_WARN_BLOCK_CAPTURE_AUTORELEASING = YES;
				CLANG_WARN_BOOL_CONVERSION = YES;
				CLANG_WARN_COMMA = YES;
				CLANG_WARN_CONSTANT_CONVERSION = YES;
				CLANG_WARN_DEPRECATED_OBJC_IMPLEMENTATIONS = YES;
				CLANG_WARN_DIRECT_OBJC_ISA_USAGE = YES_ERROR;
				CLANG_WARN_DOCUMENTATION_COMMENTS = YES;
				CLANG_WARN_EMPTY_BODY = YES;
				CLANG_WARN_ENUM_CONVERSION = YES;
				CLANG_WARN_INFINITE_RECURSION = YES;
				CLANG_WARN_INT_CONVERSION = YES;
				CLANG_WARN_NON_LITERAL_NULL_CONVERSION = YES;
				CLANG_WARN_OBJC_IMPLICIT_RETAIN_SELF = YES;
				CLANG_WARN_OBJC_LITERAL_CONVERSION = YES;
				CLANG_WARN_OBJC_ROOT_CLASS = YES_ERROR;
				CLANG_WARN_RANGE_LOOP_ANALYSIS = YES;
				CLANG_WARN_STRICT_PROTOTYPES = YES;
				CLANG_WARN_SUSPICIOUS_MOVE = YES;
				CLANG_WARN_UNGUARDED_AVAILABILITY = YES_AGGRESSIVE;
				CLANG_WARN_UNREACHABLE_CODE = YES;
				CLANG_WARN__DUPLICATE_METHOD_MATCH = YES;
				CODE_SIGN_IDENTITY = "iPhone Developer";
				COPY_PHASE_STRIP = NO;
				DEBUG_INFORMATION_FORMAT = dwarf;
				ENABLE_STRICT_OBJC_MSGSEND = YES;
				ENABLE_TESTABILITY = YES;
				GCC_C_LANGUAGE_STANDARD = gnu11;
				GCC_DYNAMIC_NO_PIC = NO;
				GCC_NO_COMMON_BLOCKS = YES;
				GCC_OPTIMIZATION_LEVEL = 0;
				GCC_PREPROCESSOR_DEFINITIONS = (
					"DEBUG=1",
					"$(inherited)",
				);
				GCC_WARN_64_TO_32_BIT_CONVERSION = YES;
				GCC_WARN_ABOUT_RETURN_TYPE = YES_ERROR;
				GCC_WARN_UNDECLARED_SELECTOR = YES;
				GCC_WARN_UNINITIALIZED_AUTOS = YES_AGGRESSIVE;
				GCC_WARN_UNUSED_FUNCTION = YES;
				GCC_WARN_UNUSED_VARIABLE = YES;
				IPHONEOS_DEPLOYMENT_TARGET = 12.4;
				MTL_ENABLE_DEBUG_INFO = INCLUDE_SOURCE;
				MTL_FAST_MATH = YES;
				ONLY_ACTIVE_ARCH = YES;
				SDKROOT = iphoneos;
				SWIFT_ACTIVE_COMPILATION_CONDITIONS = DEBUG;
				SWIFT_OPTIMIZATION_LEVEL = "-Onone";
			};
			name = Debug;
		};
		A3E867262310287900E6FDDE /* Release */ = {
			isa = XCBuildConfiguration;
			buildSettings = {
				ALWAYS_SEARCH_USER_PATHS = NO;
				CLANG_ANALYZER_NONNULL = YES;
				CLANG_ANALYZER_NUMBER_OBJECT_CONVERSION = YES_AGGRESSIVE;
				CLANG_CXX_LANGUAGE_STANDARD = "gnu++14";
				CLANG_CXX_LIBRARY = "libc++";
				CLANG_ENABLE_MODULES = YES;
				CLANG_ENABLE_OBJC_ARC = YES;
				CLANG_ENABLE_OBJC_WEAK = YES;
				CLANG_WARN_BLOCK_CAPTURE_AUTORELEASING = YES;
				CLANG_WARN_BOOL_CONVERSION = YES;
				CLANG_WARN_COMMA = YES;
				CLANG_WARN_CONSTANT_CONVERSION = YES;
				CLANG_WARN_DEPRECATED_OBJC_IMPLEMENTATIONS = YES;
				CLANG_WARN_DIRECT_OBJC_ISA_USAGE = YES_ERROR;
				CLANG_WARN_DOCUMENTATION_COMMENTS = YES;
				CLANG_WARN_EMPTY_BODY = YES;
				CLANG_WARN_ENUM_CONVERSION = YES;
				CLANG_WARN_INFINITE_RECURSION = YES;
				CLANG_WARN_INT_CONVERSION = YES;
				CLANG_WARN_NON_LITERAL_NULL_CONVERSION = YES;
				CLANG_WARN_OBJC_IMPLICIT_RETAIN_SELF = YES;
				CLANG_WARN_OBJC_LITERAL_CONVERSION = YES;
				CLANG_WARN_OBJC_ROOT_CLASS = YES_ERROR;
				CLANG_WARN_RANGE_LOOP_ANALYSIS = YES;
				CLANG_WARN_STRICT_PROTOTYPES = YES;
				CLANG_WARN_SUSPICIOUS_MOVE = YES;
				CLANG_WARN_UNGUARDED_AVAILABILITY = YES_AGGRESSIVE;
				CLANG_WARN_UNREACHABLE_CODE = YES;
				CLANG_WARN__DUPLICATE_METHOD_MATCH = YES;
				CODE_SIGN_IDENTITY = "iPhone Developer";
				COPY_PHASE_STRIP = NO;
				DEBUG_INFORMATION_FORMAT = "dwarf-with-dsym";
				ENABLE_NS_ASSERTIONS = NO;
				ENABLE_STRICT_OBJC_MSGSEND = YES;
				GCC_C_LANGUAGE_STANDARD = gnu11;
				GCC_NO_COMMON_BLOCKS = YES;
				GCC_WARN_64_TO_32_BIT_CONVERSION = YES;
				GCC_WARN_ABOUT_RETURN_TYPE = YES_ERROR;
				GCC_WARN_UNDECLARED_SELECTOR = YES;
				GCC_WARN_UNINITIALIZED_AUTOS = YES_AGGRESSIVE;
				GCC_WARN_UNUSED_FUNCTION = YES;
				GCC_WARN_UNUSED_VARIABLE = YES;
				IPHONEOS_DEPLOYMENT_TARGET = 12.4;
				MTL_ENABLE_DEBUG_INFO = NO;
				MTL_FAST_MATH = YES;
				SDKROOT = iphoneos;
				SWIFT_COMPILATION_MODE = wholemodule;
				SWIFT_OPTIMIZATION_LEVEL = "-O";
				VALIDATE_PRODUCT = YES;
			};
			name = Release;
		};
		A3E867282310287900E6FDDE /* Debug */ = {
			isa = XCBuildConfiguration;
			buildSettings = {
				ASSETCATALOG_COMPILER_APPICON_NAME = AppIcon;
				CODE_SIGN_STYLE = Automatic;
				DEVELOPMENT_TEAM = 352L99K7K5;
				INFOPLIST_FILE = AppStoreJSON/Info.plist;
				LD_RUNPATH_SEARCH_PATHS = (
					"$(inherited)",
					"@executable_path/Frameworks",
				);
				PRODUCT_BUNDLE_IDENTIFIER = com.JasonYu.AppStoreJSON;
				PRODUCT_NAME = "$(TARGET_NAME)";
				SWIFT_VERSION = 5.0;
				TARGETED_DEVICE_FAMILY = "1,2";
			};
			name = Debug;
		};
		A3E867292310287900E6FDDE /* Release */ = {
			isa = XCBuildConfiguration;
			buildSettings = {
				ASSETCATALOG_COMPILER_APPICON_NAME = AppIcon;
				CODE_SIGN_STYLE = Automatic;
				DEVELOPMENT_TEAM = 352L99K7K5;
				INFOPLIST_FILE = AppStoreJSON/Info.plist;
				LD_RUNPATH_SEARCH_PATHS = (
					"$(inherited)",
					"@executable_path/Frameworks",
				);
				PRODUCT_BUNDLE_IDENTIFIER = com.JasonYu.AppStoreJSON;
				PRODUCT_NAME = "$(TARGET_NAME)";
				SWIFT_VERSION = 5.0;
				TARGETED_DEVICE_FAMILY = "1,2";
			};
			name = Release;
		};
/* End XCBuildConfiguration section */

/* Begin XCConfigurationList section */
		A3E867102310287500E6FDDE /* Build configuration list for PBXProject "AppStoreJSON" */ = {
			isa = XCConfigurationList;
			buildConfigurations = (
				A3E867252310287900E6FDDE /* Debug */,
				A3E867262310287900E6FDDE /* Release */,
			);
			defaultConfigurationIsVisible = 0;
			defaultConfigurationName = Release;
		};
		A3E867272310287900E6FDDE /* Build configuration list for PBXNativeTarget "AppStoreJSON" */ = {
			isa = XCConfigurationList;
			buildConfigurations = (
				A3E867282310287900E6FDDE /* Debug */,
				A3E867292310287900E6FDDE /* Release */,
			);
			defaultConfigurationIsVisible = 0;
			defaultConfigurationName = Release;
		};
/* End XCConfigurationList section */
	};
	rootObject = A3E8670D2310287500E6FDDE /* Project object */;
}
